// !$*UTF8*$!
{
	archiveVersion = 1;
	classes = {
	};
	objectVersion = 55;
	objects = {

/* Begin PBXBuildFile section */
		C41B3560296DE1D000866B24 /* ProgressHUD in Frameworks */ = {isa = PBXBuildFile; productRef = C41B355F296DE1D000866B24 /* ProgressHUD */; };
		C41B3562296F01FA00866B24 /* UIBlockingProgressHUD.swift in Sources */ = {isa = PBXBuildFile; fileRef = C41B3561296F01FA00866B24 /* UIBlockingProgressHUD.swift */; };
		C41B356429703E1500866B24 /* ProfileService.swift in Sources */ = {isa = PBXBuildFile; fileRef = C41B356329703E1500866B24 /* ProfileService.swift */; };
		C41B3566297041E600866B24 /* ProfileResult.swift in Sources */ = {isa = PBXBuildFile; fileRef = C41B3565297041E600866B24 /* ProfileResult.swift */; };
		C41B3568297475FD00866B24 /* ProfileImageService.swift in Sources */ = {isa = PBXBuildFile; fileRef = C41B3567297475FD00866B24 /* ProfileImageService.swift */; };
		C41B356A2975754500866B24 /* UserResult.swift in Sources */ = {isa = PBXBuildFile; fileRef = C41B35692975754500866B24 /* UserResult.swift */; };
		C4245228293E80A000CD9A77 /* UIColor .swift in Sources */ = {isa = PBXBuildFile; fileRef = C4245227293E80A000CD9A77 /* UIColor .swift */; };
		C4270F2D293F64D30019E6E4 /* SingleImageViewController.swift in Sources */ = {isa = PBXBuildFile; fileRef = C4270F2C293F64D30019E6E4 /* SingleImageViewController.swift */; };
		C42CA355293A1FF800F65453 /* ProfileViewController.swift in Sources */ = {isa = PBXBuildFile; fileRef = C42CA354293A1FF800F65453 /* ProfileViewController.swift */; };
		C457AB62295099770071E8D5 /* Constants.swift in Sources */ = {isa = PBXBuildFile; fileRef = C457AB61295099770071E8D5 /* Constants.swift */; };
		C457AB642952EC190071E8D5 /* AuthViewController.swift in Sources */ = {isa = PBXBuildFile; fileRef = C457AB632952EC190071E8D5 /* AuthViewController.swift */; };
		C457AB672952F0E60071E8D5 /* WebViewViewController.swift in Sources */ = {isa = PBXBuildFile; fileRef = C457AB662952F0E60071E8D5 /* WebViewViewController.swift */; };
		C489A53E295DCE79005A6D02 /* OAuthTokenResponse.swift in Sources */ = {isa = PBXBuildFile; fileRef = C489A53D295DCE79005A6D02 /* OAuthTokenResponse.swift */; };
		C489A541295DD366005A6D02 /* OAuth2Service.swift in Sources */ = {isa = PBXBuildFile; fileRef = C489A540295DD366005A6D02 /* OAuth2Service.swift */; };
		C489A54329633060005A6D02 /* OAuth2TokenStorage.swift in Sources */ = {isa = PBXBuildFile; fileRef = C489A54229633060005A6D02 /* OAuth2TokenStorage.swift */; };
		C494EA2E2976CCF2009FC93A /* URLSession extension.swift in Sources */ = {isa = PBXBuildFile; fileRef = C494EA2D2976CCF2009FC93A /* URLSession extension.swift */; };
		C494EA35297813A7009FC93A /* Kingfisher in Frameworks */ = {isa = PBXBuildFile; productRef = C494EA34297813A7009FC93A /* Kingfisher */; };
		C49F41222926637400CC2B85 /* AppDelegate.swift in Sources */ = {isa = PBXBuildFile; fileRef = C49F41212926637400CC2B85 /* AppDelegate.swift */; };
		C49F41242926637400CC2B85 /* SceneDelegate.swift in Sources */ = {isa = PBXBuildFile; fileRef = C49F41232926637400CC2B85 /* SceneDelegate.swift */; };
		C49F41262926637400CC2B85 /* ImagesListViewController.swift in Sources */ = {isa = PBXBuildFile; fileRef = C49F41252926637400CC2B85 /* ImagesListViewController.swift */; };
		C49F41292926637500CC2B85 /* Main.storyboard in Resources */ = {isa = PBXBuildFile; fileRef = C49F41272926637500CC2B85 /* Main.storyboard */; };
		C49F412B2926637600CC2B85 /* Assets.xcassets in Resources */ = {isa = PBXBuildFile; fileRef = C49F412A2926637600CC2B85 /* Assets.xcassets */; };
		C49F412E2926637600CC2B85 /* LaunchScreen.storyboard in Resources */ = {isa = PBXBuildFile; fileRef = C49F412C2926637600CC2B85 /* LaunchScreen.storyboard */; };
		C4A785602965E31B0074CE84 /* SplashViewController.swift in Sources */ = {isa = PBXBuildFile; fileRef = C4A7855F2965E31B0074CE84 /* SplashViewController.swift */; };
		C4BBE53F2930E7CC00777BC5 /* ImagesListCell.swift in Sources */ = {isa = PBXBuildFile; fileRef = C4BBE53E2930E7CC00777BC5 /* ImagesListCell.swift */; };
/* End PBXBuildFile section */

/* Begin PBXFileReference section */
		C41B3561296F01FA00866B24 /* UIBlockingProgressHUD.swift */ = {isa = PBXFileReference; lastKnownFileType = sourcecode.swift; path = UIBlockingProgressHUD.swift; sourceTree = "<group>"; };
		C41B356329703E1500866B24 /* ProfileService.swift */ = {isa = PBXFileReference; lastKnownFileType = sourcecode.swift; path = ProfileService.swift; sourceTree = "<group>"; };
		C41B3565297041E600866B24 /* ProfileResult.swift */ = {isa = PBXFileReference; lastKnownFileType = sourcecode.swift; path = ProfileResult.swift; sourceTree = "<group>"; };
		C41B3567297475FD00866B24 /* ProfileImageService.swift */ = {isa = PBXFileReference; lastKnownFileType = sourcecode.swift; path = ProfileImageService.swift; sourceTree = "<group>"; };
		C41B35692975754500866B24 /* UserResult.swift */ = {isa = PBXFileReference; lastKnownFileType = sourcecode.swift; path = UserResult.swift; sourceTree = "<group>"; };
		C4245227293E80A000CD9A77 /* UIColor .swift */ = {isa = PBXFileReference; lastKnownFileType = sourcecode.swift; path = "UIColor .swift"; sourceTree = "<group>"; };
		C4270F2C293F64D30019E6E4 /* SingleImageViewController.swift */ = {isa = PBXFileReference; lastKnownFileType = sourcecode.swift; path = SingleImageViewController.swift; sourceTree = "<group>"; };
		C42CA354293A1FF800F65453 /* ProfileViewController.swift */ = {isa = PBXFileReference; lastKnownFileType = sourcecode.swift; path = ProfileViewController.swift; sourceTree = "<group>"; };
		C457AB61295099770071E8D5 /* Constants.swift */ = {isa = PBXFileReference; lastKnownFileType = sourcecode.swift; path = Constants.swift; sourceTree = "<group>"; };
		C457AB632952EC190071E8D5 /* AuthViewController.swift */ = {isa = PBXFileReference; lastKnownFileType = sourcecode.swift; path = AuthViewController.swift; sourceTree = "<group>"; };
		C457AB662952F0E60071E8D5 /* WebViewViewController.swift */ = {isa = PBXFileReference; lastKnownFileType = sourcecode.swift; path = WebViewViewController.swift; sourceTree = "<group>"; };
		C489A53D295DCE79005A6D02 /* OAuthTokenResponse.swift */ = {isa = PBXFileReference; lastKnownFileType = sourcecode.swift; path = OAuthTokenResponse.swift; sourceTree = "<group>"; };
		C489A540295DD366005A6D02 /* OAuth2Service.swift */ = {isa = PBXFileReference; lastKnownFileType = sourcecode.swift; path = OAuth2Service.swift; sourceTree = "<group>"; };
		C489A54229633060005A6D02 /* OAuth2TokenStorage.swift */ = {isa = PBXFileReference; lastKnownFileType = sourcecode.swift; path = OAuth2TokenStorage.swift; sourceTree = "<group>"; };
		C494EA2D2976CCF2009FC93A /* URLSession extension.swift */ = {isa = PBXFileReference; lastKnownFileType = sourcecode.swift; path = "URLSession extension.swift"; sourceTree = "<group>"; };
		C49F411E2926637400CC2B85 /* ImageFeed.app */ = {isa = PBXFileReference; explicitFileType = wrapper.application; includeInIndex = 0; path = ImageFeed.app; sourceTree = BUILT_PRODUCTS_DIR; };
		C49F41212926637400CC2B85 /* AppDelegate.swift */ = {isa = PBXFileReference; lastKnownFileType = sourcecode.swift; path = AppDelegate.swift; sourceTree = "<group>"; };
		C49F41232926637400CC2B85 /* SceneDelegate.swift */ = {isa = PBXFileReference; lastKnownFileType = sourcecode.swift; path = SceneDelegate.swift; sourceTree = "<group>"; };
		C49F41252926637400CC2B85 /* ImagesListViewController.swift */ = {isa = PBXFileReference; lastKnownFileType = sourcecode.swift; path = ImagesListViewController.swift; sourceTree = "<group>"; };
		C49F41282926637500CC2B85 /* Base */ = {isa = PBXFileReference; lastKnownFileType = file.storyboard; name = Base; path = Base.lproj/Main.storyboard; sourceTree = "<group>"; };
		C49F412A2926637600CC2B85 /* Assets.xcassets */ = {isa = PBXFileReference; lastKnownFileType = folder.assetcatalog; path = Assets.xcassets; sourceTree = "<group>"; };
		C49F412D2926637600CC2B85 /* Base */ = {isa = PBXFileReference; lastKnownFileType = file.storyboard; name = Base; path = Base.lproj/LaunchScreen.storyboard; sourceTree = "<group>"; };
		C49F412F2926637600CC2B85 /* Info.plist */ = {isa = PBXFileReference; lastKnownFileType = text.plist.xml; path = Info.plist; sourceTree = "<group>"; };
		C4A7855F2965E31B0074CE84 /* SplashViewController.swift */ = {isa = PBXFileReference; lastKnownFileType = sourcecode.swift; path = SplashViewController.swift; sourceTree = "<group>"; };
		C4BBE53E2930E7CC00777BC5 /* ImagesListCell.swift */ = {isa = PBXFileReference; lastKnownFileType = sourcecode.swift; path = ImagesListCell.swift; sourceTree = "<group>"; };
/* End PBXFileReference section */

/* Begin PBXFrameworksBuildPhase section */
		C49F411B2926637400CC2B85 /* Frameworks */ = {
			isa = PBXFrameworksBuildPhase;
			buildActionMask = 2147483647;
			files = (
				C494EA35297813A7009FC93A /* Kingfisher in Frameworks */,
				C41B3560296DE1D000866B24 /* ProgressHUD in Frameworks */,
			);
			runOnlyForDeploymentPostprocessing = 0;
		};
/* End PBXFrameworksBuildPhase section */

/* Begin PBXGroup section */
		C4245226293E806B00CD9A77 /* Helpers */ = {
			isa = PBXGroup;
			children = (
				C41B3561296F01FA00866B24 /* UIBlockingProgressHUD.swift */,
				C4245227293E80A000CD9A77 /* UIColor .swift */,
				C494EA2D2976CCF2009FC93A /* URLSession extension.swift */,
			);
			path = Helpers;
			sourceTree = "<group>";
		};
		C42CA353293A1FCD00F65453 /* Profile */ = {
			isa = PBXGroup;
			children = (
				C42CA354293A1FF800F65453 /* ProfileViewController.swift */,
			);
			path = Profile;
			sourceTree = "<group>";
		};
		C42CB2DF293F6BC7006CFF06 /* SingleImageView */ = {
			isa = PBXGroup;
			children = (
				C4270F2C293F64D30019E6E4 /* SingleImageViewController.swift */,
			);
			path = SingleImageView;
			sourceTree = "<group>";
		};
		C457AB652952EC4B0071E8D5 /* Auth */ = {
			isa = PBXGroup;
			children = (
				C457AB632952EC190071E8D5 /* AuthViewController.swift */,
				C457AB662952F0E60071E8D5 /* WebViewViewController.swift */,
			);
			path = Auth;
			sourceTree = "<group>";
		};
		C47C3D2C29676C5600AD6EA3 /* SplashViewController */ = {
			isa = PBXGroup;
			children = (
				C4A7855F2965E31B0074CE84 /* SplashViewController.swift */,
			);
			path = SplashViewController;
			sourceTree = "<group>";
		};
		C489A53C295DCE31005A6D02 /* Models */ = {
			isa = PBXGroup;
			children = (
				C489A53D295DCE79005A6D02 /* OAuthTokenResponse.swift */,
				C41B3565297041E600866B24 /* ProfileResult.swift */,
				C41B35692975754500866B24 /* UserResult.swift */,
			);
			path = Models;
			sourceTree = "<group>";
		};
		C489A53F295DD33B005A6D02 /* Services */ = {
			isa = PBXGroup;
			children = (
				C489A540295DD366005A6D02 /* OAuth2Service.swift */,
				C41B356329703E1500866B24 /* ProfileService.swift */,
				C41B3567297475FD00866B24 /* ProfileImageService.swift */,
			);
			path = Services;
			sourceTree = "<group>";
		};
		C494EA2F2976DD26009FC93A /* Storage */ = {
			isa = PBXGroup;
			children = (
				C489A54229633060005A6D02 /* OAuth2TokenStorage.swift */,
			);
			path = Storage;
			sourceTree = "<group>";
		};
		C49F41152926637400CC2B85 = {
			isa = PBXGroup;
			children = (
				C49F41202926637400CC2B85 /* ImageFeed */,
				C49F411F2926637400CC2B85 /* Products */,
			);
			sourceTree = "<group>";
		};
		C49F411F2926637400CC2B85 /* Products */ = {
			isa = PBXGroup;
			children = (
				C49F411E2926637400CC2B85 /* ImageFeed.app */,
			);
			name = Products;
			sourceTree = "<group>";
		};
		C49F41202926637400CC2B85 /* ImageFeed */ = {
			isa = PBXGroup;
			children = (
				C49F41212926637400CC2B85 /* AppDelegate.swift */,
				C49F41232926637400CC2B85 /* SceneDelegate.swift */,
				C457AB61295099770071E8D5 /* Constants.swift */,
				C47C3D2C29676C5600AD6EA3 /* SplashViewController */,
				C457AB652952EC4B0071E8D5 /* Auth */,
				C489A53F295DD33B005A6D02 /* Services */,
				C489A53C295DCE31005A6D02 /* Models */,
				C42CA353293A1FCD00F65453 /* Profile */,
				C4BBE5402930E7FB00777BC5 /* ImagesList */,
				C42CB2DF293F6BC7006CFF06 /* SingleImageView */,
				C494EA2F2976DD26009FC93A /* Storage */,
				C4245226293E806B00CD9A77 /* Helpers */,
				C49F41272926637500CC2B85 /* Main.storyboard */,
				C49F412A2926637600CC2B85 /* Assets.xcassets */,
				C49F412C2926637600CC2B85 /* LaunchScreen.storyboard */,
				C49F412F2926637600CC2B85 /* Info.plist */,
			);
			path = ImageFeed;
			sourceTree = "<group>";
		};
		C4BBE5402930E7FB00777BC5 /* ImagesList */ = {
			isa = PBXGroup;
			children = (
				C4BBE53E2930E7CC00777BC5 /* ImagesListCell.swift */,
				C49F41252926637400CC2B85 /* ImagesListViewController.swift */,
			);
			path = ImagesList;
			sourceTree = "<group>";
		};
/* End PBXGroup section */

/* Begin PBXNativeTarget section */
		C49F411D2926637400CC2B85 /* ImageFeed */ = {
			isa = PBXNativeTarget;
			buildConfigurationList = C49F41322926637600CC2B85 /* Build configuration list for PBXNativeTarget "ImageFeed" */;
			buildPhases = (
				C49F411A2926637400CC2B85 /* Sources */,
				C49F411B2926637400CC2B85 /* Frameworks */,
				C49F411C2926637400CC2B85 /* Resources */,
			);
			buildRules = (
			);
			dependencies = (
			);
			name = ImageFeed;
			packageProductDependencies = (
				C41B355F296DE1D000866B24 /* ProgressHUD */,
				C494EA34297813A7009FC93A /* Kingfisher */,
			);
			productName = ImageFeed;
			productReference = C49F411E2926637400CC2B85 /* ImageFeed.app */;
			productType = "com.apple.product-type.application";
		};
/* End PBXNativeTarget section */

/* Begin PBXProject section */
		C49F41162926637400CC2B85 /* Project object */ = {
			isa = PBXProject;
			attributes = {
				BuildIndependentTargetsInParallel = 1;
				LastSwiftUpdateCheck = 1320;
				LastUpgradeCheck = 1320;
				TargetAttributes = {
					C49F411D2926637400CC2B85 = {
						CreatedOnToolsVersion = 13.2.1;
					};
				};
			};
			buildConfigurationList = C49F41192926637400CC2B85 /* Build configuration list for PBXProject "ImageFeed" */;
			compatibilityVersion = "Xcode 13.0";
			developmentRegion = en;
			hasScannedForEncodings = 0;
			knownRegions = (
				en,
				Base,
			);
			mainGroup = C49F41152926637400CC2B85;
			packageReferences = (
				C41B355E296DE1D000866B24 /* XCRemoteSwiftPackageReference "ProgressHUD" */,
				C494EA33297813A7009FC93A /* XCRemoteSwiftPackageReference "Kingfisher" */,
			);
			productRefGroup = C49F411F2926637400CC2B85 /* Products */;
			projectDirPath = "";
			projectRoot = "";
			targets = (
				C49F411D2926637400CC2B85 /* ImageFeed */,
			);
		};
/* End PBXProject section */

/* Begin PBXResourcesBuildPhase section */
		C49F411C2926637400CC2B85 /* Resources */ = {
			isa = PBXResourcesBuildPhase;
			buildActionMask = 2147483647;
			files = (
				C49F412E2926637600CC2B85 /* LaunchScreen.storyboard in Resources */,
				C49F412B2926637600CC2B85 /* Assets.xcassets in Resources */,
				C49F41292926637500CC2B85 /* Main.storyboard in Resources */,
			);
			runOnlyForDeploymentPostprocessing = 0;
		};
/* End PBXResourcesBuildPhase section */

/* Begin PBXSourcesBuildPhase section */
		C49F411A2926637400CC2B85 /* Sources */ = {
			isa = PBXSourcesBuildPhase;
			buildActionMask = 2147483647;
			files = (
				C41B3566297041E600866B24 /* ProfileResult.swift in Sources */,
				C457AB672952F0E60071E8D5 /* WebViewViewController.swift in Sources */,
				C41B356429703E1500866B24 /* ProfileService.swift in Sources */,
				C49F41262926637400CC2B85 /* ImagesListViewController.swift in Sources */,
				C489A541295DD366005A6D02 /* OAuth2Service.swift in Sources */,
				C494EA2E2976CCF2009FC93A /* URLSession extension.swift in Sources */,
				C4BBE53F2930E7CC00777BC5 /* ImagesListCell.swift in Sources */,
				C489A53E295DCE79005A6D02 /* OAuthTokenResponse.swift in Sources */,
				C4A785602965E31B0074CE84 /* SplashViewController.swift in Sources */,
				C4245228293E80A000CD9A77 /* UIColor .swift in Sources */,
				C4270F2D293F64D30019E6E4 /* SingleImageViewController.swift in Sources */,
				C41B3562296F01FA00866B24 /* UIBlockingProgressHUD.swift in Sources */,
				C41B356A2975754500866B24 /* UserResult.swift in Sources */,
				C42CA355293A1FF800F65453 /* ProfileViewController.swift in Sources */,
				C49F41222926637400CC2B85 /* AppDelegate.swift in Sources */,
				C49F41242926637400CC2B85 /* SceneDelegate.swift in Sources */,
				C457AB642952EC190071E8D5 /* AuthViewController.swift in Sources */,
				C41B3568297475FD00866B24 /* ProfileImageService.swift in Sources */,
				C489A54329633060005A6D02 /* OAuth2TokenStorage.swift in Sources */,
				C457AB62295099770071E8D5 /* Constants.swift in Sources */,
			);
			runOnlyForDeploymentPostprocessing = 0;
		};
/* End PBXSourcesBuildPhase section */

/* Begin PBXVariantGroup section */
		C49F41272926637500CC2B85 /* Main.storyboard */ = {
			isa = PBXVariantGroup;
			children = (
				C49F41282926637500CC2B85 /* Base */,
			);
			name = Main.storyboard;
			sourceTree = "<group>";
		};
		C49F412C2926637600CC2B85 /* LaunchScreen.storyboard */ = {
			isa = PBXVariantGroup;
			children = (
				C49F412D2926637600CC2B85 /* Base */,
			);
			name = LaunchScreen.storyboard;
			sourceTree = "<group>";
		};
/* End PBXVariantGroup section */

/* Begin XCBuildConfiguration section */
		C49F41302926637600CC2B85 /* Debug */ = {
			isa = XCBuildConfiguration;
			buildSettings = {
				ALWAYS_SEARCH_USER_PATHS = NO;
				CLANG_ANALYZER_NONNULL = YES;
				CLANG_ANALYZER_NUMBER_OBJECT_CONVERSION = YES_AGGRESSIVE;
				CLANG_CXX_LANGUAGE_STANDARD = "gnu++17";
				CLANG_CXX_LIBRARY = "libc++";
				CLANG_ENABLE_MODULES = YES;
				CLANG_ENABLE_OBJC_ARC = YES;
				CLANG_ENABLE_OBJC_WEAK = YES;
				CLANG_WARN_BLOCK_CAPTURE_AUTORELEASING = YES;
				CLANG_WARN_BOOL_CONVERSION = YES;
				CLANG_WARN_COMMA = YES;
				CLANG_WARN_CONSTANT_CONVERSION = YES;
				CLANG_WARN_DEPRECATED_OBJC_IMPLEMENTATIONS = YES;
				CLANG_WARN_DIRECT_OBJC_ISA_USAGE = YES_ERROR;
				CLANG_WARN_DOCUMENTATION_COMMENTS = YES;
				CLANG_WARN_EMPTY_BODY = YES;
				CLANG_WARN_ENUM_CONVERSION = YES;
				CLANG_WARN_INFINITE_RECURSION = YES;
				CLANG_WARN_INT_CONVERSION = YES;
				CLANG_WARN_NON_LITERAL_NULL_CONVERSION = YES;
				CLANG_WARN_OBJC_IMPLICIT_RETAIN_SELF = YES;
				CLANG_WARN_OBJC_LITERAL_CONVERSION = YES;
				CLANG_WARN_OBJC_ROOT_CLASS = YES_ERROR;
				CLANG_WARN_QUOTED_INCLUDE_IN_FRAMEWORK_HEADER = YES;
				CLANG_WARN_RANGE_LOOP_ANALYSIS = YES;
				CLANG_WARN_STRICT_PROTOTYPES = YES;
				CLANG_WARN_SUSPICIOUS_MOVE = YES;
				CLANG_WARN_UNGUARDED_AVAILABILITY = YES_AGGRESSIVE;
				CLANG_WARN_UNREACHABLE_CODE = YES;
				CLANG_WARN__DUPLICATE_METHOD_MATCH = YES;
				COPY_PHASE_STRIP = NO;
				DEBUG_INFORMATION_FORMAT = dwarf;
				ENABLE_STRICT_OBJC_MSGSEND = YES;
				ENABLE_TESTABILITY = YES;
				GCC_C_LANGUAGE_STANDARD = gnu11;
				GCC_DYNAMIC_NO_PIC = NO;
				GCC_NO_COMMON_BLOCKS = YES;
				GCC_OPTIMIZATION_LEVEL = 0;
				GCC_PREPROCESSOR_DEFINITIONS = (
					"DEBUG=1",
					"$(inherited)",
				);
				GCC_WARN_64_TO_32_BIT_CONVERSION = YES;
				GCC_WARN_ABOUT_RETURN_TYPE = YES_ERROR;
				GCC_WARN_UNDECLARED_SELECTOR = YES;
				GCC_WARN_UNINITIALIZED_AUTOS = YES_AGGRESSIVE;
				GCC_WARN_UNUSED_FUNCTION = YES;
				GCC_WARN_UNUSED_VARIABLE = YES;
				IPHONEOS_DEPLOYMENT_TARGET = 15.2;
				MTL_ENABLE_DEBUG_INFO = INCLUDE_SOURCE;
				MTL_FAST_MATH = YES;
				ONLY_ACTIVE_ARCH = YES;
				SDKROOT = iphoneos;
				SWIFT_ACTIVE_COMPILATION_CONDITIONS = DEBUG;
				SWIFT_OPTIMIZATION_LEVEL = "-Onone";
			};
			name = Debug;
		};
		C49F41312926637600CC2B85 /* Release */ = {
			isa = XCBuildConfiguration;
			buildSettings = {
				ALWAYS_SEARCH_USER_PATHS = NO;
				CLANG_ANALYZER_NONNULL = YES;
				CLANG_ANALYZER_NUMBER_OBJECT_CONVERSION = YES_AGGRESSIVE;
				CLANG_CXX_LANGUAGE_STANDARD = "gnu++17";
				CLANG_CXX_LIBRARY = "libc++";
				CLANG_ENABLE_MODULES = YES;
				CLANG_ENABLE_OBJC_ARC = YES;
				CLANG_ENABLE_OBJC_WEAK = YES;
				CLANG_WARN_BLOCK_CAPTURE_AUTORELEASING = YES;
				CLANG_WARN_BOOL_CONVERSION = YES;
				CLANG_WARN_COMMA = YES;
				CLANG_WARN_CONSTANT_CONVERSION = YES;
				CLANG_WARN_DEPRECATED_OBJC_IMPLEMENTATIONS = YES;
				CLANG_WARN_DIRECT_OBJC_ISA_USAGE = YES_ERROR;
				CLANG_WARN_DOCUMENTATION_COMMENTS = YES;
				CLANG_WARN_EMPTY_BODY = YES;
				CLANG_WARN_ENUM_CONVERSION = YES;
				CLANG_WARN_INFINITE_RECURSION = YES;
				CLANG_WARN_INT_CONVERSION = YES;
				CLANG_WARN_NON_LITERAL_NULL_CONVERSION = YES;
				CLANG_WARN_OBJC_IMPLICIT_RETAIN_SELF = YES;
				CLANG_WARN_OBJC_LITERAL_CONVERSION = YES;
				CLANG_WARN_OBJC_ROOT_CLASS = YES_ERROR;
				CLANG_WARN_QUOTED_INCLUDE_IN_FRAMEWORK_HEADER = YES;
				CLANG_WARN_RANGE_LOOP_ANALYSIS = YES;
				CLANG_WARN_STRICT_PROTOTYPES = YES;
				CLANG_WARN_SUSPICIOUS_MOVE = YES;
				CLANG_WARN_UNGUARDED_AVAILABILITY = YES_AGGRESSIVE;
				CLANG_WARN_UNREACHABLE_CODE = YES;
				CLANG_WARN__DUPLICATE_METHOD_MATCH = YES;
				COPY_PHASE_STRIP = NO;
				DEBUG_INFORMATION_FORMAT = "dwarf-with-dsym";
				ENABLE_NS_ASSERTIONS = NO;
				ENABLE_STRICT_OBJC_MSGSEND = YES;
				GCC_C_LANGUAGE_STANDARD = gnu11;
				GCC_NO_COMMON_BLOCKS = YES;
				GCC_WARN_64_TO_32_BIT_CONVERSION = YES;
				GCC_WARN_ABOUT_RETURN_TYPE = YES_ERROR;
				GCC_WARN_UNDECLARED_SELECTOR = YES;
				GCC_WARN_UNINITIALIZED_AUTOS = YES_AGGRESSIVE;
				GCC_WARN_UNUSED_FUNCTION = YES;
				GCC_WARN_UNUSED_VARIABLE = YES;
				IPHONEOS_DEPLOYMENT_TARGET = 15.2;
				MTL_ENABLE_DEBUG_INFO = NO;
				MTL_FAST_MATH = YES;
				SDKROOT = iphoneos;
				SWIFT_COMPILATION_MODE = wholemodule;
				SWIFT_OPTIMIZATION_LEVEL = "-O";
				VALIDATE_PRODUCT = YES;
			};
			name = Release;
		};
		C49F41332926637600CC2B85 /* Debug */ = {
			isa = XCBuildConfiguration;
			buildSettings = {
				ASSETCATALOG_COMPILER_APPICON_NAME = AppIcon;
				ASSETCATALOG_COMPILER_GLOBAL_ACCENT_COLOR_NAME = AccentColor;
				CODE_SIGN_STYLE = Automatic;
				CURRENT_PROJECT_VERSION = 1;
				DEVELOPMENT_TEAM = GJCLMLX2YB;
				GENERATE_INFOPLIST_FILE = YES;
				INFOPLIST_FILE = ImageFeed/Info.plist;
				INFOPLIST_KEY_LSApplicationCategoryType = "";
				INFOPLIST_KEY_UIApplicationSupportsIndirectInputEvents = YES;
				INFOPLIST_KEY_UILaunchStoryboardName = LaunchScreen;
				INFOPLIST_KEY_UIMainStoryboardFile = Main;
				INFOPLIST_KEY_UISupportedInterfaceOrientations = UIInterfaceOrientationPortrait;
				INFOPLIST_KEY_UISupportedInterfaceOrientations_iPad = "UIInterfaceOrientationPortrait UIInterfaceOrientationPortraitUpsideDown UIInterfaceOrientationLandscapeLeft UIInterfaceOrientationLandscapeRight";
				INFOPLIST_KEY_UISupportedInterfaceOrientations_iPhone = UIInterfaceOrientationPortrait;
				IPHONEOS_DEPLOYMENT_TARGET = 13.0;
				LD_RUNPATH_SEARCH_PATHS = (
					"$(inherited)",
					"@executable_path/Frameworks",
				);
				MARKETING_VERSION = 1.0;
				PRODUCT_BUNDLE_IDENTIFIER = ru.yandex.practicum.RdDevi1.ImageFeed;
				PRODUCT_NAME = "$(TARGET_NAME)";
				SWIFT_EMIT_LOC_STRINGS = YES;
				SWIFT_VERSION = 5.0;
				TARGETED_DEVICE_FAMILY = 1;
			};
			name = Debug;
		};
		C49F41342926637600CC2B85 /* Release */ = {
			isa = XCBuildConfiguration;
			buildSettings = {
				ASSETCATALOG_COMPILER_APPICON_NAME = AppIcon;
				ASSETCATALOG_COMPILER_GLOBAL_ACCENT_COLOR_NAME = AccentColor;
				CODE_SIGN_STYLE = Automatic;
				CURRENT_PROJECT_VERSION = 1;
				DEVELOPMENT_TEAM = GJCLMLX2YB;
				GENERATE_INFOPLIST_FILE = YES;
				INFOPLIST_FILE = ImageFeed/Info.plist;
				INFOPLIST_KEY_LSApplicationCategoryType = "";
				INFOPLIST_KEY_UIApplicationSupportsIndirectInputEvents = YES;
				INFOPLIST_KEY_UILaunchStoryboardName = LaunchScreen;
				INFOPLIST_KEY_UIMainStoryboardFile = Main;
				INFOPLIST_KEY_UISupportedInterfaceOrientations = UIInterfaceOrientationPortrait;
				INFOPLIST_KEY_UISupportedInterfaceOrientations_iPad = "UIInterfaceOrientationPortrait UIInterfaceOrientationPortraitUpsideDown UIInterfaceOrientationLandscapeLeft UIInterfaceOrientationLandscapeRight";
				INFOPLIST_KEY_UISupportedInterfaceOrientations_iPhone = UIInterfaceOrientationPortrait;
				IPHONEOS_DEPLOYMENT_TARGET = 13.0;
				LD_RUNPATH_SEARCH_PATHS = (
					"$(inherited)",
					"@executable_path/Frameworks",
				);
				MARKETING_VERSION = 1.0;
				PRODUCT_BUNDLE_IDENTIFIER = ru.yandex.practicum.RdDevi1.ImageFeed;
				PRODUCT_NAME = "$(TARGET_NAME)";
				SWIFT_EMIT_LOC_STRINGS = YES;
				SWIFT_VERSION = 5.0;
				TARGETED_DEVICE_FAMILY = 1;
			};
			name = Release;
		};
/* End XCBuildConfiguration section */

/* Begin XCConfigurationList section */
		C49F41192926637400CC2B85 /* Build configuration list for PBXProject "ImageFeed" */ = {
			isa = XCConfigurationList;
			buildConfigurations = (
				C49F41302926637600CC2B85 /* Debug */,
				C49F41312926637600CC2B85 /* Release */,
			);
			defaultConfigurationIsVisible = 0;
			defaultConfigurationName = Release;
		};
		C49F41322926637600CC2B85 /* Build configuration list for PBXNativeTarget "ImageFeed" */ = {
			isa = XCConfigurationList;
			buildConfigurations = (
				C49F41332926637600CC2B85 /* Debug */,
				C49F41342926637600CC2B85 /* Release */,
			);
			defaultConfigurationIsVisible = 0;
			defaultConfigurationName = Release;
		};
/* End XCConfigurationList section */

/* Begin XCRemoteSwiftPackageReference section */
		C41B355E296DE1D000866B24 /* XCRemoteSwiftPackageReference "ProgressHUD" */ = {
			isa = XCRemoteSwiftPackageReference;
			repositoryURL = "https://github.com/relatedcode/ProgressHUD";
			requirement = {
				kind = exactVersion;
				version = 13.6.2;
			};
		};
		C494EA33297813A7009FC93A /* XCRemoteSwiftPackageReference "Kingfisher" */ = {
			isa = XCRemoteSwiftPackageReference;
			repositoryURL = "https://github.com/onevcat/Kingfisher";
			requirement = {
				kind = exactVersion;
				version = 7.5.0;
			};
		};
/* End XCRemoteSwiftPackageReference section */

/* Begin XCSwiftPackageProductDependency section */
		C41B355F296DE1D000866B24 /* ProgressHUD */ = {
			isa = XCSwiftPackageProductDependency;
			package = C41B355E296DE1D000866B24 /* XCRemoteSwiftPackageReference "ProgressHUD" */;
			productName = ProgressHUD;
		};
		C494EA34297813A7009FC93A /* Kingfisher */ = {
			isa = XCSwiftPackageProductDependency;
			package = C494EA33297813A7009FC93A /* XCRemoteSwiftPackageReference "Kingfisher" */;
			productName = Kingfisher;
		};
/* End XCSwiftPackageProductDependency section */
	};
	rootObject = C49F41162926637400CC2B85 /* Project object */;
}
